
Microsoft Visual Studio Solution File, Format Version 12.00
# Visual Studio 15
VisualStudioVersion = 15.0.28307.329
MinimumVisualStudioVersion = 10.0.40219.1
Project("{FAE04EC0-301F-11D3-BF4B-00C04F79EFBC}") = "pig dice", "pig dice\pig dice.csproj", "{6887C02A-7512-4B77-BA41-E117C770D37A}"
EndProject
Global
	GlobalSection(SolutionConfigurationPlatforms) = preSolution
		Debug|Any CPU = Debug|Any CPU
		Release|Any CPU = Release|Any CPU
	EndGlobalSection
	GlobalSection(ProjectConfigurationPlatforms) = postSolution
		{6887C02A-7512-4B77-BA41-E117C770D37A}.Debug|Any CPU.ActiveCfg = Debug|Any CPU
		{6887C02A-7512-4B77-BA41-E117C770D37A}.Debug|Any CPU.Build.0 = Debug|Any CPU
		{6887C02A-7512-4B77-BA41-E117C770D37A}.Release|Any CPU.ActiveCfg = Release|Any CPU
		{6887C02A-7512-4B77-BA41-E117C770D37A}.Release|Any CPU.Build.0 = Release|Any CPU
	EndGlobalSection
	GlobalSection(SolutionProperties) = preSolution
		HideSolutionNode = FALSE
	EndGlobalSection
	GlobalSection(ExtensibilityGlobals) = postSolution
		SolutionGuid = {FCE80821-F9AF-4C87-B30D-586BE4EA746A}
	EndGlobalSection
EndGlobal
